
Microsoft Visual Studio Solution File, Format Version 12.00
# Visual Studio Version 17
VisualStudioVersion = 17.4.33205.214
MinimumVisualStudioVersion = 10.0.40219.1
Project("{9A19103F-16F7-4668-BE54-9A1E7A4F7556}") = "AllAboutDogs.Server", "Server\AllAboutDogs.Server.csproj", "{8C6331C5-263D-4CED-BD12-ECACBC428CE0}"
EndProject
Project("{9A19103F-16F7-4668-BE54-9A1E7A4F7556}") = "AllAboutDogs.Client", "Client\AllAboutDogs.Client.csproj", "{01427A2C-396A-460C-9497-89FA3AB284C2}"
EndProject
Project("{9A19103F-16F7-4668-BE54-9A1E7A4F7556}") = "AllAboutDogs.Shared", "Shared\AllAboutDogs.Shared.csproj", "{8AF836AB-D081-4EAB-A6B8-F4619622C666}"
EndProject
Global
	GlobalSection(SolutionConfigurationPlatforms) = preSolution
		Debug|Any CPU = Debug|Any CPU
		Release|Any CPU = Release|Any CPU
	EndGlobalSection
	GlobalSection(ProjectConfigurationPlatforms) = postSolution
		{8C6331C5-263D-4CED-BD12-ECACBC428CE0}.Debug|Any CPU.ActiveCfg = Debug|Any CPU
		{8C6331C5-263D-4CED-BD12-ECACBC428CE0}.Debug|Any CPU.Build.0 = Debug|Any CPU
		{8C6331C5-263D-4CED-BD12-ECACBC428CE0}.Release|Any CPU.ActiveCfg = Release|Any CPU
		{8C6331C5-263D-4CED-BD12-ECACBC428CE0}.Release|Any CPU.Build.0 = Release|Any CPU
		{01427A2C-396A-460C-9497-89FA3AB284C2}.Debug|Any CPU.ActiveCfg = Debug|Any CPU
		{01427A2C-396A-460C-9497-89FA3AB284C2}.Debug|Any CPU.Build.0 = Debug|Any CPU
		{01427A2C-396A-460C-9497-89FA3AB284C2}.Release|Any CPU.ActiveCfg = Release|Any CPU
		{01427A2C-396A-460C-9497-89FA3AB284C2}.Release|Any CPU.Build.0 = Release|Any CPU
		{8AF836AB-D081-4EAB-A6B8-F4619622C666}.Debug|Any CPU.ActiveCfg = Debug|Any CPU
		{8AF836AB-D081-4EAB-A6B8-F4619622C666}.Debug|Any CPU.Build.0 = Debug|Any CPU
		{8AF836AB-D081-4EAB-A6B8-F4619622C666}.Release|Any CPU.ActiveCfg = Release|Any CPU
		{8AF836AB-D081-4EAB-A6B8-F4619622C666}.Release|Any CPU.Build.0 = Release|Any CPU
	EndGlobalSection
	GlobalSection(SolutionProperties) = preSolution
		HideSolutionNode = FALSE
	EndGlobalSection
	GlobalSection(ExtensibilityGlobals) = postSolution
		SolutionGuid = {1AC58517-4F29-4361-9C67-FD37FEBA7D91}
	EndGlobalSection
EndGlobal
